
Microsoft Visual Studio Solution File, Format Version 12.00
# Visual Studio Version 17
VisualStudioVersion = 17.1.32319.34
MinimumVisualStudioVersion = 10.0.40219.1
Project("{FAE04EC0-301F-11D3-BF4B-00C04F79EFBC}") = "INSS", "INSS.csproj", "{68F7E0F8-788F-430A-9B09-39624AA436A2}"
EndProject
Project("{FAE04EC0-301F-11D3-BF4B-00C04F79EFBC}") = "TestProjectINSS", "..\TestProjectINSS\TestProjectINSS.csproj", "{319F8CE2-AFD7-481A-AD78-E52EAB12AC95}"
EndProject
Project("{FAE04EC0-301F-11D3-BF4B-00C04F79EFBC}") = "ConsoleAppINSS", "..\ConsoleAppINSS\ConsoleAppINSS.csproj", "{31B0083C-A095-4C7E-ADCF-DA3297385D40}"
EndProject
Global
	GlobalSection(SolutionConfigurationPlatforms) = preSolution
		Debug|Any CPU = Debug|Any CPU
		Release|Any CPU = Release|Any CPU
	EndGlobalSection
	GlobalSection(ProjectConfigurationPlatforms) = postSolution
		{68F7E0F8-788F-430A-9B09-39624AA436A2}.Debug|Any CPU.ActiveCfg = Debug|Any CPU
		{68F7E0F8-788F-430A-9B09-39624AA436A2}.Debug|Any CPU.Build.0 = Debug|Any CPU
		{68F7E0F8-788F-430A-9B09-39624AA436A2}.Release|Any CPU.ActiveCfg = Release|Any CPU
		{68F7E0F8-788F-430A-9B09-39624AA436A2}.Release|Any CPU.Build.0 = Release|Any CPU
		{319F8CE2-AFD7-481A-AD78-E52EAB12AC95}.Debug|Any CPU.ActiveCfg = Debug|Any CPU
		{319F8CE2-AFD7-481A-AD78-E52EAB12AC95}.Debug|Any CPU.Build.0 = Debug|Any CPU
		{319F8CE2-AFD7-481A-AD78-E52EAB12AC95}.Release|Any CPU.ActiveCfg = Release|Any CPU
		{319F8CE2-AFD7-481A-AD78-E52EAB12AC95}.Release|Any CPU.Build.0 = Release|Any CPU
		{31B0083C-A095-4C7E-ADCF-DA3297385D40}.Debug|Any CPU.ActiveCfg = Debug|Any CPU
		{31B0083C-A095-4C7E-ADCF-DA3297385D40}.Debug|Any CPU.Build.0 = Debug|Any CPU
		{31B0083C-A095-4C7E-ADCF-DA3297385D40}.Release|Any CPU.ActiveCfg = Release|Any CPU
		{31B0083C-A095-4C7E-ADCF-DA3297385D40}.Release|Any CPU.Build.0 = Release|Any CPU
	EndGlobalSection
	GlobalSection(SolutionProperties) = preSolution
		HideSolutionNode = FALSE
	EndGlobalSection
	GlobalSection(ExtensibilityGlobals) = postSolution
		SolutionGuid = {03D11E8B-D3FD-48CF-99E8-4F6F2AB4C30F}
	EndGlobalSection
EndGlobal
